
Microsoft Visual Studio Solution File, Format Version 12.00
# Visual Studio Version 17
VisualStudioVersion = 17.6.33815.320
MinimumVisualStudioVersion = 10.0.40219.1
Project("{9A19103F-16F7-4668-BE54-9A1E7A4F7556}") = "VProtect.Core", "VProtect.Core\VProtect.Core.csproj", "{B9741D62-DC8F-493A-B73B-15BE8ED36397}"
EndProject
Project("{9A19103F-16F7-4668-BE54-9A1E7A4F7556}") = "VProtect.Console", "VProtect.Console\VProtect.Console.csproj", "{E0778A56-85F3-4EDE-B10A-51FDF9A030C3}"
EndProject
Project("{FAE04EC0-301F-11D3-BF4B-00C04F79EFBC}") = "VProtect.Runtime", "VProtect.Runtime\VProtect.Runtime.csproj", "{5F87E52B-2682-4E39-AAF5-A8978A603654}"
EndProject
Global
	GlobalSection(SolutionConfigurationPlatforms) = preSolution
		Debug|Any CPU = Debug|Any CPU
		Release|Any CPU = Release|Any CPU
	EndGlobalSection
	GlobalSection(ProjectConfigurationPlatforms) = postSolution
		{B9741D62-DC8F-493A-B73B-15BE8ED36397}.Debug|Any CPU.ActiveCfg = Debug|Any CPU
		{B9741D62-DC8F-493A-B73B-15BE8ED36397}.Debug|Any CPU.Build.0 = Debug|Any CPU
		{B9741D62-DC8F-493A-B73B-15BE8ED36397}.Release|Any CPU.ActiveCfg = Release|Any CPU
		{B9741D62-DC8F-493A-B73B-15BE8ED36397}.Release|Any CPU.Build.0 = Release|Any CPU
		{E0778A56-85F3-4EDE-B10A-51FDF9A030C3}.Debug|Any CPU.ActiveCfg = Debug|Any CPU
		{E0778A56-85F3-4EDE-B10A-51FDF9A030C3}.Debug|Any CPU.Build.0 = Debug|Any CPU
		{E0778A56-85F3-4EDE-B10A-51FDF9A030C3}.Release|Any CPU.ActiveCfg = Release|Any CPU
		{E0778A56-85F3-4EDE-B10A-51FDF9A030C3}.Release|Any CPU.Build.0 = Release|Any CPU
		{5F87E52B-2682-4E39-AAF5-A8978A603654}.Debug|Any CPU.ActiveCfg = Debug|Any CPU
		{5F87E52B-2682-4E39-AAF5-A8978A603654}.Debug|Any CPU.Build.0 = Debug|Any CPU
		{5F87E52B-2682-4E39-AAF5-A8978A603654}.Release|Any CPU.ActiveCfg = Release|Any CPU
		{5F87E52B-2682-4E39-AAF5-A8978A603654}.Release|Any CPU.Build.0 = Release|Any CPU
	EndGlobalSection
	GlobalSection(SolutionProperties) = preSolution
		HideSolutionNode = FALSE
	EndGlobalSection
	GlobalSection(ExtensibilityGlobals) = postSolution
		SolutionGuid = {0C448585-EE76-4D72-987B-02E25162C536}
	EndGlobalSection
EndGlobal
